// !$*UTF8*$!
{
	archiveVersion = 1;
	classes = {
	};
	objectVersion = 50;
	objects = {

/* Begin PBXBuildFile section */
		8026A37A24D8CDCC009BD9B7 /* AppDelegate.swift in Sources */ = {isa = PBXBuildFile; fileRef = 8026A37924D8CDCC009BD9B7 /* AppDelegate.swift */; };
		8026A37C24D8CDCC009BD9B7 /* SceneDelegate.swift in Sources */ = {isa = PBXBuildFile; fileRef = 8026A37B24D8CDCC009BD9B7 /* SceneDelegate.swift */; };
		8026A37E24D8CDCC009BD9B7 /* ViewController.swift in Sources */ = {isa = PBXBuildFile; fileRef = 8026A37D24D8CDCC009BD9B7 /* ViewController.swift */; };
		8026A38124D8CDCC009BD9B7 /* Main.storyboard in Resources */ = {isa = PBXBuildFile; fileRef = 8026A37F24D8CDCC009BD9B7 /* Main.storyboard */; };
		8026A38324D8CDD0009BD9B7 /* Assets.xcassets in Resources */ = {isa = PBXBuildFile; fileRef = 8026A38224D8CDD0009BD9B7 /* Assets.xcassets */; };
		8026A38624D8CDD0009BD9B7 /* LaunchScreen.storyboard in Resources */ = {isa = PBXBuildFile; fileRef = 8026A38424D8CDD0009BD9B7 /* LaunchScreen.storyboard */; };
		8026A39124D8CDD1009BD9B7 /* AltimeterTests.swift in Sources */ = {isa = PBXBuildFile; fileRef = 8026A39024D8CDD1009BD9B7 /* AltimeterTests.swift */; };
		8026A39C24D8CDD1009BD9B7 /* AltimeterUITests.swift in Sources */ = {isa = PBXBuildFile; fileRef = 8026A39B24D8CDD1009BD9B7 /* AltimeterUITests.swift */; };
/* End PBXBuildFile section */

/* Begin PBXContainerItemProxy section */
		8026A38D24D8CDD1009BD9B7 /* PBXContainerItemProxy */ = {
			isa = PBXContainerItemProxy;
			containerPortal = 8026A36E24D8CDCC009BD9B7 /* Project object */;
			proxyType = 1;
			remoteGlobalIDString = 8026A37524D8CDCC009BD9B7;
			remoteInfo = Altimeter;
		};
		8026A39824D8CDD1009BD9B7 /* PBXContainerItemProxy */ = {
			isa = PBXContainerItemProxy;
			containerPortal = 8026A36E24D8CDCC009BD9B7 /* Project object */;
			proxyType = 1;
			remoteGlobalIDString = 8026A37524D8CDCC009BD9B7;
			remoteInfo = Altimeter;
		};
/* End PBXContainerItemProxy section */

/* Begin PBXFileReference section */
		8026A37624D8CDCC009BD9B7 /* Altimeter.app */ = {isa = PBXFileReference; explicitFileType = wrapper.application; includeInIndex = 0; path = Altimeter.app; sourceTree = BUILT_PRODUCTS_DIR; };
		8026A37924D8CDCC009BD9B7 /* AppDelegate.swift */ = {isa = PBXFileReference; lastKnownFileType = sourcecode.swift; path = AppDelegate.swift; sourceTree = "<group>"; };
		8026A37B24D8CDCC009BD9B7 /* SceneDelegate.swift */ = {isa = PBXFileReference; lastKnownFileType = sourcecode.swift; path = SceneDelegate.swift; sourceTree = "<group>"; };
		8026A37D24D8CDCC009BD9B7 /* ViewController.swift */ = {isa = PBXFileReference; lastKnownFileType = sourcecode.swift; path = ViewController.swift; sourceTree = "<group>"; };
		8026A38024D8CDCC009BD9B7 /* Base */ = {isa = PBXFileReference; lastKnownFileType = file.storyboard; name = Base; path = Base.lproj/Main.storyboard; sourceTree = "<group>"; };
		8026A38224D8CDD0009BD9B7 /* Assets.xcassets */ = {isa = PBXFileReference; lastKnownFileType = folder.assetcatalog; path = Assets.xcassets; sourceTree = "<group>"; };
		8026A38524D8CDD0009BD9B7 /* Base */ = {isa = PBXFileReference; lastKnownFileType = file.storyboard; name = Base; path = Base.lproj/LaunchScreen.storyboard; sourceTree = "<group>"; };
		8026A38724D8CDD0009BD9B7 /* Info.plist */ = {isa = PBXFileReference; lastKnownFileType = text.plist.xml; path = Info.plist; sourceTree = "<group>"; };
		8026A38C24D8CDD1009BD9B7 /* AltimeterTests.xctest */ = {isa = PBXFileReference; explicitFileType = wrapper.cfbundle; includeInIndex = 0; path = AltimeterTests.xctest; sourceTree = BUILT_PRODUCTS_DIR; };
		8026A39024D8CDD1009BD9B7 /* AltimeterTests.swift */ = {isa = PBXFileReference; lastKnownFileType = sourcecode.swift; path = AltimeterTests.swift; sourceTree = "<group>"; };
		8026A39224D8CDD1009BD9B7 /* Info.plist */ = {isa = PBXFileReference; lastKnownFileType = text.plist.xml; path = Info.plist; sourceTree = "<group>"; };
		8026A39724D8CDD1009BD9B7 /* AltimeterUITests.xctest */ = {isa = PBXFileReference; explicitFileType = wrapper.cfbundle; includeInIndex = 0; path = AltimeterUITests.xctest; sourceTree = BUILT_PRODUCTS_DIR; };
		8026A39B24D8CDD1009BD9B7 /* AltimeterUITests.swift */ = {isa = PBXFileReference; lastKnownFileType = sourcecode.swift; path = AltimeterUITests.swift; sourceTree = "<group>"; };
		8026A39D24D8CDD1009BD9B7 /* Info.plist */ = {isa = PBXFileReference; lastKnownFileType = text.plist.xml; path = Info.plist; sourceTree = "<group>"; };
/* End PBXFileReference section */

/* Begin PBXFrameworksBuildPhase section */
		8026A37324D8CDCC009BD9B7 /* Frameworks */ = {
			isa = PBXFrameworksBuildPhase;
			buildActionMask = 2147483647;
			files = (
			);
			runOnlyForDeploymentPostprocessing = 0;
		};
		8026A38924D8CDD1009BD9B7 /* Frameworks */ = {
			isa = PBXFrameworksBuildPhase;
			buildActionMask = 2147483647;
			files = (
			);
			runOnlyForDeploymentPostprocessing = 0;
		};
		8026A39424D8CDD1009BD9B7 /* Frameworks */ = {
			isa = PBXFrameworksBuildPhase;
			buildActionMask = 2147483647;
			files = (
			);
			runOnlyForDeploymentPostprocessing = 0;
		};
/* End PBXFrameworksBuildPhase section */

/* Begin PBXGroup section */
		8026A36D24D8CDCC009BD9B7 = {
			isa = PBXGroup;
			children = (
				8026A37824D8CDCC009BD9B7 /* Altimeter */,
				8026A38F24D8CDD1009BD9B7 /* AltimeterTests */,
				8026A39A24D8CDD1009BD9B7 /* AltimeterUITests */,
				8026A37724D8CDCC009BD9B7 /* Products */,
			);
			sourceTree = "<group>";
		};
		8026A37724D8CDCC009BD9B7 /* Products */ = {
			isa = PBXGroup;
			children = (
				8026A37624D8CDCC009BD9B7 /* Altimeter.app */,
				8026A38C24D8CDD1009BD9B7 /* AltimeterTests.xctest */,
				8026A39724D8CDD1009BD9B7 /* AltimeterUITests.xctest */,
			);
			name = Products;
			sourceTree = "<group>";
		};
		8026A37824D8CDCC009BD9B7 /* Altimeter */ = {
			isa = PBXGroup;
			children = (
				8026A37924D8CDCC009BD9B7 /* AppDelegate.swift */,
				8026A37B24D8CDCC009BD9B7 /* SceneDelegate.swift */,
				8026A37D24D8CDCC009BD9B7 /* ViewController.swift */,
				8026A37F24D8CDCC009BD9B7 /* Main.storyboard */,
				8026A38224D8CDD0009BD9B7 /* Assets.xcassets */,
				8026A38424D8CDD0009BD9B7 /* LaunchScreen.storyboard */,
				8026A38724D8CDD0009BD9B7 /* Info.plist */,
			);
			path = Altimeter;
			sourceTree = "<group>";
		};
		8026A38F24D8CDD1009BD9B7 /* AltimeterTests */ = {
			isa = PBXGroup;
			children = (
				8026A39024D8CDD1009BD9B7 /* AltimeterTests.swift */,
				8026A39224D8CDD1009BD9B7 /* Info.plist */,
			);
			path = AltimeterTests;
			sourceTree = "<group>";
		};
		8026A39A24D8CDD1009BD9B7 /* AltimeterUITests */ = {
			isa = PBXGroup;
			children = (
				8026A39B24D8CDD1009BD9B7 /* AltimeterUITests.swift */,
				8026A39D24D8CDD1009BD9B7 /* Info.plist */,
			);
			path = AltimeterUITests;
			sourceTree = "<group>";
		};
/* End PBXGroup section */

/* Begin PBXNativeTarget section */
		8026A37524D8CDCC009BD9B7 /* Altimeter */ = {
			isa = PBXNativeTarget;
			buildConfigurationList = 8026A3A024D8CDD1009BD9B7 /* Build configuration list for PBXNativeTarget "Altimeter" */;
			buildPhases = (
				8026A37224D8CDCC009BD9B7 /* Sources */,
				8026A37324D8CDCC009BD9B7 /* Frameworks */,
				8026A37424D8CDCC009BD9B7 /* Resources */,
			);
			buildRules = (
			);
			dependencies = (
			);
			name = Altimeter;
			productName = Altimeter;
			productReference = 8026A37624D8CDCC009BD9B7 /* Altimeter.app */;
			productType = "com.apple.product-type.application";
		};
		8026A38B24D8CDD1009BD9B7 /* AltimeterTests */ = {
			isa = PBXNativeTarget;
			buildConfigurationList = 8026A3A324D8CDD1009BD9B7 /* Build configuration list for PBXNativeTarget "AltimeterTests" */;
			buildPhases = (
				8026A38824D8CDD1009BD9B7 /* Sources */,
				8026A38924D8CDD1009BD9B7 /* Frameworks */,
				8026A38A24D8CDD1009BD9B7 /* Resources */,
			);
			buildRules = (
			);
			dependencies = (
				8026A38E24D8CDD1009BD9B7 /* PBXTargetDependency */,
			);
			name = AltimeterTests;
			productName = AltimeterTests;
			productReference = 8026A38C24D8CDD1009BD9B7 /* AltimeterTests.xctest */;
			productType = "com.apple.product-type.bundle.unit-test";
		};
		8026A39624D8CDD1009BD9B7 /* AltimeterUITests */ = {
			isa = PBXNativeTarget;
			buildConfigurationList = 8026A3A624D8CDD1009BD9B7 /* Build configuration list for PBXNativeTarget "AltimeterUITests" */;
			buildPhases = (
				8026A39324D8CDD1009BD9B7 /* Sources */,
				8026A39424D8CDD1009BD9B7 /* Frameworks */,
				8026A39524D8CDD1009BD9B7 /* Resources */,
			);
			buildRules = (
			);
			dependencies = (
				8026A39924D8CDD1009BD9B7 /* PBXTargetDependency */,
			);
			name = AltimeterUITests;
			productName = AltimeterUITests;
			productReference = 8026A39724D8CDD1009BD9B7 /* AltimeterUITests.xctest */;
			productType = "com.apple.product-type.bundle.ui-testing";
		};
/* End PBXNativeTarget section */

/* Begin PBXProject section */
		8026A36E24D8CDCC009BD9B7 /* Project object */ = {
			isa = PBXProject;
			attributes = {
				LastSwiftUpdateCheck = 1160;
				LastUpgradeCheck = 1160;
				ORGANIZATIONNAME = "Gunner Madsen";
				TargetAttributes = {
					8026A37524D8CDCC009BD9B7 = {
						CreatedOnToolsVersion = 11.6;
					};
					8026A38B24D8CDD1009BD9B7 = {
						CreatedOnToolsVersion = 11.6;
						TestTargetID = 8026A37524D8CDCC009BD9B7;
					};
					8026A39624D8CDD1009BD9B7 = {
						CreatedOnToolsVersion = 11.6;
						TestTargetID = 8026A37524D8CDCC009BD9B7;
					};
				};
			};
			buildConfigurationList = 8026A37124D8CDCC009BD9B7 /* Build configuration list for PBXProject "Altimeter" */;
			compatibilityVersion = "Xcode 9.3";
			developmentRegion = en;
			hasScannedForEncodings = 0;
			knownRegions = (
				en,
				Base,
			);
			mainGroup = 8026A36D24D8CDCC009BD9B7;
			productRefGroup = 8026A37724D8CDCC009BD9B7 /* Products */;
			projectDirPath = "";
			projectRoot = "";
			targets = (
				8026A37524D8CDCC009BD9B7 /* Altimeter */,
				8026A38B24D8CDD1009BD9B7 /* AltimeterTests */,
				8026A39624D8CDD1009BD9B7 /* AltimeterUITests */,
			);
		};
/* End PBXProject section */

/* Begin PBXResourcesBuildPhase section */
		8026A37424D8CDCC009BD9B7 /* Resources */ = {
			isa = PBXResourcesBuildPhase;
			buildActionMask = 2147483647;
			files = (
				8026A38624D8CDD0009BD9B7 /* LaunchScreen.storyboard in Resources */,
				8026A38324D8CDD0009BD9B7 /* Assets.xcassets in Resources */,
				8026A38124D8CDCC009BD9B7 /* Main.storyboard in Resources */,
			);
			runOnlyForDeploymentPostprocessing = 0;
		};
		8026A38A24D8CDD1009BD9B7 /* Resources */ = {
			isa = PBXResourcesBuildPhase;
			buildActionMask = 2147483647;
			files = (
			);
			runOnlyForDeploymentPostprocessing = 0;
		};
		8026A39524D8CDD1009BD9B7 /* Resources */ = {
			isa = PBXResourcesBuildPhase;
			buildActionMask = 2147483647;
			files = (
			);
			runOnlyForDeploymentPostprocessing = 0;
		};
/* End PBXResourcesBuildPhase section */

/* Begin PBXSourcesBuildPhase section */
		8026A37224D8CDCC009BD9B7 /* Sources */ = {
			isa = PBXSourcesBuildPhase;
			buildActionMask = 2147483647;
			files = (
				8026A37E24D8CDCC009BD9B7 /* ViewController.swift in Sources */,
				8026A37A24D8CDCC009BD9B7 /* AppDelegate.swift in Sources */,
				8026A37C24D8CDCC009BD9B7 /* SceneDelegate.swift in Sources */,
			);
			runOnlyForDeploymentPostprocessing = 0;
		};
		8026A38824D8CDD1009BD9B7 /* Sources */ = {
			isa = PBXSourcesBuildPhase;
			buildActionMask = 2147483647;
			files = (
				8026A39124D8CDD1009BD9B7 /* AltimeterTests.swift in Sources */,
			);
			runOnlyForDeploymentPostprocessing = 0;
		};
		8026A39324D8CDD1009BD9B7 /* Sources */ = {
			isa = PBXSourcesBuildPhase;
			buildActionMask = 2147483647;
			files = (
				8026A39C24D8CDD1009BD9B7 /* AltimeterUITests.swift in Sources */,
			);
			runOnlyForDeploymentPostprocessing = 0;
		};
/* End PBXSourcesBuildPhase section */

/* Begin PBXTargetDependency section */
		8026A38E24D8CDD1009BD9B7 /* PBXTargetDependency */ = {
			isa = PBXTargetDependency;
			target = 8026A37524D8CDCC009BD9B7 /* Altimeter */;
			targetProxy = 8026A38D24D8CDD1009BD9B7 /* PBXContainerItemProxy */;
		};
		8026A39924D8CDD1009BD9B7 /* PBXTargetDependency */ = {
			isa = PBXTargetDependency;
			target = 8026A37524D8CDCC009BD9B7 /* Altimeter */;
			targetProxy = 8026A39824D8CDD1009BD9B7 /* PBXContainerItemProxy */;
		};
/* End PBXTargetDependency section */

/* Begin PBXVariantGroup section */
		8026A37F24D8CDCC009BD9B7 /* Main.storyboard */ = {
			isa = PBXVariantGroup;
			children = (
				8026A38024D8CDCC009BD9B7 /* Base */,
			);
			name = Main.storyboard;
			sourceTree = "<group>";
		};
		8026A38424D8CDD0009BD9B7 /* LaunchScreen.storyboard */ = {
			isa = PBXVariantGroup;
			children = (
				8026A38524D8CDD0009BD9B7 /* Base */,
			);
			name = LaunchScreen.storyboard;
			sourceTree = "<group>";
		};
/* End PBXVariantGroup section */

/* Begin XCBuildConfiguration section */
		8026A39E24D8CDD1009BD9B7 /* Debug */ = {
			isa = XCBuildConfiguration;
			buildSettings = {
				ALWAYS_SEARCH_USER_PATHS = NO;
				CLANG_ANALYZER_NONNULL = YES;
				CLANG_ANALYZER_NUMBER_OBJECT_CONVERSION = YES_AGGRESSIVE;
				CLANG_CXX_LANGUAGE_STANDARD = "gnu++14";
				CLANG_CXX_LIBRARY = "libc++";
				CLANG_ENABLE_MODULES = YES;
				CLANG_ENABLE_OBJC_ARC = YES;
				CLANG_ENABLE_OBJC_WEAK = YES;
				CLANG_WARN_BLOCK_CAPTURE_AUTORELEASING = YES;
				CLANG_WARN_BOOL_CONVERSION = YES;
				CLANG_WARN_COMMA = YES;
				CLANG_WARN_CONSTANT_CONVERSION = YES;
				CLANG_WARN_DEPRECATED_OBJC_IMPLEMENTATIONS = YES;
				CLANG_WARN_DIRECT_OBJC_ISA_USAGE = YES_ERROR;
				CLANG_WARN_DOCUMENTATION_COMMENTS = YES;
				CLANG_WARN_EMPTY_BODY = YES;
				CLANG_WARN_ENUM_CONVERSION = YES;
				CLANG_WARN_INFINITE_RECURSION = YES;
				CLANG_WARN_INT_CONVERSION = YES;
				CLANG_WARN_NON_LITERAL_NULL_CONVERSION = YES;
				CLANG_WARN_OBJC_IMPLICIT_RETAIN_SELF = YES;
				CLANG_WARN_OBJC_LITERAL_CONVERSION = YES;
				CLANG_WARN_OBJC_ROOT_CLASS = YES_ERROR;
				CLANG_WARN_RANGE_LOOP_ANALYSIS = YES;
				CLANG_WARN_STRICT_PROTOTYPES = YES;
				CLANG_WARN_SUSPICIOUS_MOVE = YES;
				CLANG_WARN_UNGUARDED_AVAILABILITY = YES_AGGRESSIVE;
				CLANG_WARN_UNREACHABLE_CODE = YES;
				CLANG_WARN__DUPLICATE_METHOD_MATCH = YES;
				COPY_PHASE_STRIP = NO;
				DEBUG_INFORMATION_FORMAT = dwarf;
				ENABLE_STRICT_OBJC_MSGSEND = YES;
				ENABLE_TESTABILITY = YES;
				GCC_C_LANGUAGE_STANDARD = gnu11;
				GCC_DYNAMIC_NO_PIC = NO;
				GCC_NO_COMMON_BLOCKS = YES;
				GCC_OPTIMIZATION_LEVEL = 0;
				GCC_PREPROCESSOR_DEFINITIONS = (
					"DEBUG=1",
					"$(inherited)",
				);
				GCC_WARN_64_TO_32_BIT_CONVERSION = YES;
				GCC_WARN_ABOUT_RETURN_TYPE = YES_ERROR;
				GCC_WARN_UNDECLARED_SELECTOR = YES;
				GCC_WARN_UNINITIALIZED_AUTOS = YES_AGGRESSIVE;
				GCC_WARN_UNUSED_FUNCTION = YES;
				GCC_WARN_UNUSED_VARIABLE = YES;
				IPHONEOS_DEPLOYMENT_TARGET = 13.6;
				MTL_ENABLE_DEBUG_INFO = INCLUDE_SOURCE;
				MTL_FAST_MATH = YES;
				ONLY_ACTIVE_ARCH = YES;
				SDKROOT = iphoneos;
				SWIFT_ACTIVE_COMPILATION_CONDITIONS = DEBUG;
				SWIFT_OPTIMIZATION_LEVEL = "-Onone";
			};
			name = Debug;
		};
		8026A39F24D8CDD1009BD9B7 /* Release */ = {
			isa = XCBuildConfiguration;
			buildSettings = {
				ALWAYS_SEARCH_USER_PATHS = NO;
				CLANG_ANALYZER_NONNULL = YES;
				CLANG_ANALYZER_NUMBER_OBJECT_CONVERSION = YES_AGGRESSIVE;
				CLANG_CXX_LANGUAGE_STANDARD = "gnu++14";
				CLANG_CXX_LIBRARY = "libc++";
				CLANG_ENABLE_MODULES = YES;
				CLANG_ENABLE_OBJC_ARC = YES;
				CLANG_ENABLE_OBJC_WEAK = YES;
				CLANG_WARN_BLOCK_CAPTURE_AUTORELEASING = YES;
				CLANG_WARN_BOOL_CONVERSION = YES;
				CLANG_WARN_COMMA = YES;
				CLANG_WARN_CONSTANT_CONVERSION = YES;
				CLANG_WARN_DEPRECATED_OBJC_IMPLEMENTATIONS = YES;
				CLANG_WARN_DIRECT_OBJC_ISA_USAGE = YES_ERROR;
				CLANG_WARN_DOCUMENTATION_COMMENTS = YES;
				CLANG_WARN_EMPTY_BODY = YES;
				CLANG_WARN_ENUM_CONVERSION = YES;
				CLANG_WARN_INFINITE_RECURSION = YES;
				CLANG_WARN_INT_CONVERSION = YES;
				CLANG_WARN_NON_LITERAL_NULL_CONVERSION = YES;
				CLANG_WARN_OBJC_IMPLICIT_RETAIN_SELF = YES;
				CLANG_WARN_OBJC_LITERAL_CONVERSION = YES;
				CLANG_WARN_OBJC_ROOT_CLASS = YES_ERROR;
				CLANG_WARN_RANGE_LOOP_ANALYSIS = YES;
				CLANG_WARN_STRICT_PROTOTYPES = YES;
				CLANG_WARN_SUSPICIOUS_MOVE = YES;
				CLANG_WARN_UNGUARDED_AVAILABILITY = YES_AGGRESSIVE;
				CLANG_WARN_UNREACHABLE_CODE = YES;
				CLANG_WARN__DUPLICATE_METHOD_MATCH = YES;
				COPY_PHASE_STRIP = NO;
				DEBUG_INFORMATION_FORMAT = "dwarf-with-dsym";
				ENABLE_NS_ASSERTIONS = NO;
				ENABLE_STRICT_OBJC_MSGSEND = YES;
				GCC_C_LANGUAGE_STANDARD = gnu11;
				GCC_NO_COMMON_BLOCKS = YES;
				GCC_WARN_64_TO_32_BIT_CONVERSION = YES;
				GCC_WARN_ABOUT_RETURN_TYPE = YES_ERROR;
				GCC_WARN_UNDECLARED_SELECTOR = YES;
				GCC_WARN_UNINITIALIZED_AUTOS = YES_AGGRESSIVE;
				GCC_WARN_UNUSED_FUNCTION = YES;
				GCC_WARN_UNUSED_VARIABLE = YES;
				IPHONEOS_DEPLOYMENT_TARGET = 13.6;
				MTL_ENABLE_DEBUG_INFO = NO;
				MTL_FAST_MATH = YES;
				SDKROOT = iphoneos;
				SWIFT_COMPILATION_MODE = wholemodule;
				SWIFT_OPTIMIZATION_LEVEL = "-O";
				VALIDATE_PRODUCT = YES;
			};
			name = Release;
		};
		8026A3A124D8CDD1009BD9B7 /* Debug */ = {
			isa = XCBuildConfiguration;
			buildSettings = {
				ASSETCATALOG_COMPILER_APPICON_NAME = AppIcon;
				CODE_SIGN_STYLE = Automatic;
				DEVELOPMENT_TEAM = MB7FQRJ43P;
				INFOPLIST_FILE = Altimeter/Info.plist;
				LD_RUNPATH_SEARCH_PATHS = (
					"$(inherited)",
					"@executable_path/Frameworks",
				);
				PRODUCT_BUNDLE_IDENTIFIER = com.gunnermadsen.Altimeter;
				PRODUCT_NAME = "$(TARGET_NAME)";
				SWIFT_VERSION = 5.0;
				TARGETED_DEVICE_FAMILY = "1,2";
			};
			name = Debug;
		};
		8026A3A224D8CDD1009BD9B7 /* Release */ = {
			isa = XCBuildConfiguration;
			buildSettings = {
				ASSETCATALOG_COMPILER_APPICON_NAME = AppIcon;
				CODE_SIGN_STYLE = Automatic;
				DEVELOPMENT_TEAM = MB7FQRJ43P;
				INFOPLIST_FILE = Altimeter/Info.plist;
				LD_RUNPATH_SEARCH_PATHS = (
					"$(inherited)",
					"@executable_path/Frameworks",
				);
				PRODUCT_BUNDLE_IDENTIFIER = com.gunnermadsen.Altimeter;
				PRODUCT_NAME = "$(TARGET_NAME)";
				SWIFT_VERSION = 5.0;
				TARGETED_DEVICE_FAMILY = "1,2";
			};
			name = Release;
		};
		8026A3A424D8CDD1009BD9B7 /* Debug */ = {
			isa = XCBuildConfiguration;
			buildSettings = {
				ALWAYS_EMBED_SWIFT_STANDARD_LIBRARIES = YES;
				BUNDLE_LOADER = "$(TEST_HOST)";
				CODE_SIGN_STYLE = Automatic;
				DEVELOPMENT_TEAM = MB7FQRJ43P;
				INFOPLIST_FILE = AltimeterTests/Info.plist;
				IPHONEOS_DEPLOYMENT_TARGET = 13.6;
				LD_RUNPATH_SEARCH_PATHS = (
					"$(inherited)",
					"@executable_path/Frameworks",
					"@loader_path/Frameworks",
				);
				PRODUCT_BUNDLE_IDENTIFIER = com.gunnermadsen.AltimeterTests;
				PRODUCT_NAME = "$(TARGET_NAME)";
				SWIFT_VERSION = 5.0;
				TARGETED_DEVICE_FAMILY = "1,2";
				TEST_HOST = "$(BUILT_PRODUCTS_DIR)/Altimeter.app/Altimeter";
			};
			name = Debug;
		};
		8026A3A524D8CDD1009BD9B7 /* Release */ = {
			isa = XCBuildConfiguration;
			buildSettings = {
				ALWAYS_EMBED_SWIFT_STANDARD_LIBRARIES = YES;
				BUNDLE_LOADER = "$(TEST_HOST)";
				CODE_SIGN_STYLE = Automatic;
				DEVELOPMENT_TEAM = MB7FQRJ43P;
				INFOPLIST_FILE = AltimeterTests/Info.plist;
				IPHONEOS_DEPLOYMENT_TARGET = 13.6;
				LD_RUNPATH_SEARCH_PATHS = (
					"$(inherited)",
					"@executable_path/Frameworks",
					"@loader_path/Frameworks",
				);
				PRODUCT_BUNDLE_IDENTIFIER = com.gunnermadsen.AltimeterTests;
				PRODUCT_NAME = "$(TARGET_NAME)";
				SWIFT_VERSION = 5.0;
				TARGETED_DEVICE_FAMILY = "1,2";
				TEST_HOST = "$(BUILT_PRODUCTS_DIR)/Altimeter.app/Altimeter";
			};
			name = Release;
		};
		8026A3A724D8CDD1009BD9B7 /* Debug */ = {
			isa = XCBuildConfiguration;
			buildSettings = {
				ALWAYS_EMBED_SWIFT_STANDARD_LIBRARIES = YES;
				CODE_SIGN_STYLE = Automatic;
				DEVELOPMENT_TEAM = MB7FQRJ43P;
				INFOPLIST_FILE = AltimeterUITests/Info.plist;
				LD_RUNPATH_SEARCH_PATHS = (
					"$(inherited)",
					"@executable_path/Frameworks",
					"@loader_path/Frameworks",
				);
				PRODUCT_BUNDLE_IDENTIFIER = com.gunnermadsen.AltimeterUITests;
				PRODUCT_NAME = "$(TARGET_NAME)";
				SWIFT_VERSION = 5.0;
				TARGETED_DEVICE_FAMILY = "1,2";
				TEST_TARGET_NAME = Altimeter;
			};
			name = Debug;
		};
		8026A3A824D8CDD1009BD9B7 /* Release */ = {
			isa = XCBuildConfiguration;
			buildSettings = {
				ALWAYS_EMBED_SWIFT_STANDARD_LIBRARIES = YES;
				CODE_SIGN_STYLE = Automatic;
				DEVELOPMENT_TEAM = MB7FQRJ43P;
				INFOPLIST_FILE = AltimeterUITests/Info.plist;
				LD_RUNPATH_SEARCH_PATHS = (
					"$(inherited)",
					"@executable_path/Frameworks",
					"@loader_path/Frameworks",
				);
				PRODUCT_BUNDLE_IDENTIFIER = com.gunnermadsen.AltimeterUITests;
				PRODUCT_NAME = "$(TARGET_NAME)";
				SWIFT_VERSION = 5.0;
				TARGETED_DEVICE_FAMILY = "1,2";
				TEST_TARGET_NAME = Altimeter;
			};
			name = Release;
		};
/* End XCBuildConfiguration section */

/* Begin XCConfigurationList section */
		8026A37124D8CDCC009BD9B7 /* Build configuration list for PBXProject "Altimeter" */ = {
			isa = XCConfigurationList;
			buildConfigurations = (
				8026A39E24D8CDD1009BD9B7 /* Debug */,
				8026A39F24D8CDD1009BD9B7 /* Release */,
			);
			defaultConfigurationIsVisible = 0;
			defaultConfigurationName = Release;
		};
		8026A3A024D8CDD1009BD9B7 /* Build configuration list for PBXNativeTarget "Altimeter" */ = {
			isa = XCConfigurationList;
			buildConfigurations = (
				8026A3A124D8CDD1009BD9B7 /* Debug */,
				8026A3A224D8CDD1009BD9B7 /* Release */,
			);
			defaultConfigurationIsVisible = 0;
			defaultConfigurationName = Release;
		};
		8026A3A324D8CDD1009BD9B7 /* Build configuration list for PBXNativeTarget "AltimeterTests" */ = {
			isa = XCConfigurationList;
			buildConfigurations = (
				8026A3A424D8CDD1009BD9B7 /* Debug */,
				8026A3A524D8CDD1009BD9B7 /* Release */,
			);
			defaultConfigurationIsVisible = 0;
			defaultConfigurationName = Release;
		};
		8026A3A624D8CDD1009BD9B7 /* Build configuration list for PBXNativeTarget "AltimeterUITests" */ = {
			isa = XCConfigurationList;
			buildConfigurations = (
				8026A3A724D8CDD1009BD9B7 /* Debug */,
				8026A3A824D8CDD1009BD9B7 /* Release */,
			);
			defaultConfigurationIsVisible = 0;
			defaultConfigurationName = Release;
		};
/* End XCConfigurationList section */
	};
	rootObject = 8026A36E24D8CDCC009BD9B7 /* Project object */;
}
